
Microsoft Visual Studio Solution File, Format Version 12.00
# Visual Studio Version 17
VisualStudioVersion = 17.1.32319.34
MinimumVisualStudioVersion = 15.0.26124.0
Project("{FAE04EC0-301F-11D3-BF4B-00C04F79EFBC}") = "SFA.DAS.Roatp.CourseManagement.Functions", "SFA.DAS.Roatp.CourseManagement.Functions\SFA.DAS.Roatp.CourseManagement.Functions.csproj", "{E05469B6-E8F9-464A-ABEB-7D6AAF56DD1C}"
EndProject
Global
	GlobalSection(SolutionConfigurationPlatforms) = preSolution
		Debug|Any CPU = Debug|Any CPU
		Release|Any CPU = Release|Any CPU
	EndGlobalSection
	GlobalSection(ProjectConfigurationPlatforms) = postSolution
		{E05469B6-E8F9-464A-ABEB-7D6AAF56DD1C}.Debug|Any CPU.ActiveCfg = Debug|Any CPU
		{E05469B6-E8F9-464A-ABEB-7D6AAF56DD1C}.Debug|Any CPU.Build.0 = Debug|Any CPU
		{E05469B6-E8F9-464A-ABEB-7D6AAF56DD1C}.Release|Any CPU.ActiveCfg = Release|Any CPU
		{E05469B6-E8F9-464A-ABEB-7D6AAF56DD1C}.Release|Any CPU.Build.0 = Release|Any CPU
	EndGlobalSection
	GlobalSection(SolutionProperties) = preSolution
		HideSolutionNode = FALSE
	EndGlobalSection
	GlobalSection(ExtensibilityGlobals) = postSolution
		SolutionGuid = {2CA8A5F6-F4B8-4040-8375-8287F8B318E9}
	EndGlobalSection
EndGlobal
